// !$*UTF8*$!
{
	archiveVersion = 1;
	classes = {
	};
	objectVersion = 46;
	objects = {

/* Begin PBXBuildFile section */
		F2076B4C152715610005A2BE /* UIKit.framework in Frameworks */ = {isa = PBXBuildFile; fileRef = F2076B4B152715610005A2BE /* UIKit.framework */; };
		F2076B4E152715610005A2BE /* Foundation.framework in Frameworks */ = {isa = PBXBuildFile; fileRef = F2076B4D152715610005A2BE /* Foundation.framework */; };
		F2076B50152715610005A2BE /* CoreGraphics.framework in Frameworks */ = {isa = PBXBuildFile; fileRef = F2076B4F152715610005A2BE /* CoreGraphics.framework */; };
		F2076B56152715610005A2BE /* InfoPlist.strings in Resources */ = {isa = PBXBuildFile; fileRef = F2076B54152715610005A2BE /* InfoPlist.strings */; };
		F2076B58152715610005A2BE /* main.m in Sources */ = {isa = PBXBuildFile; fileRef = F2076B57152715610005A2BE /* main.m */; };
		F2076B5C152715610005A2BE /* FindLocationAppDelegate.m in Sources */ = {isa = PBXBuildFile; fileRef = F2076B5B152715610005A2BE /* FindLocationAppDelegate.m */; };
		F2076B6F1527158E0005A2BE /* SystemConfiguration.framework in Frameworks */ = {isa = PBXBuildFile; fileRef = F2076B6E1527158E0005A2BE /* SystemConfiguration.framework */; };
		F2076B71152715950005A2BE /* CoreLocation.framework in Frameworks */ = {isa = PBXBuildFile; fileRef = F2076B70152715950005A2BE /* CoreLocation.framework */; };
		F2076B73152715AD0005A2BE /* MapKit.framework in Frameworks */ = {isa = PBXBuildFile; fileRef = F2076B72152715AD0005A2BE /* MapKit.framework */; };
		F2076B77152716BD0005A2BE /* MapViewController.m in Sources */ = {isa = PBXBuildFile; fileRef = F2076B75152716BD0005A2BE /* MapViewController.m */; };
		F2076B78152716BD0005A2BE /* MapViewController.xib in Resources */ = {isa = PBXBuildFile; fileRef = F2076B76152716BD0005A2BE /* MapViewController.xib */; };
		F2076B7C152716DE0005A2BE /* ListTableViewController.m in Sources */ = {isa = PBXBuildFile; fileRef = F2076B7A152716DE0005A2BE /* ListTableViewController.m */; };
		F2076B7D152716DE0005A2BE /* ListTableViewController.xib in Resources */ = {isa = PBXBuildFile; fileRef = F2076B7B152716DE0005A2BE /* ListTableViewController.xib */; };
		F2076B811527173A0005A2BE /* StartingPointViewController.m in Sources */ = {isa = PBXBuildFile; fileRef = F2076B7F1527173A0005A2BE /* StartingPointViewController.m */; };
		F2076B821527173A0005A2BE /* StartingPointViewController.xib in Resources */ = {isa = PBXBuildFile; fileRef = F2076B801527173A0005A2BE /* StartingPointViewController.xib */; };
		F2076B891527534B0005A2BE /* HotSpotAnnotation.m in Sources */ = {isa = PBXBuildFile; fileRef = F2076B881527534B0005A2BE /* HotSpotAnnotation.m */; };
		F282AFE8152E430F00EC987C /* NetworkInfo.m in Sources */ = {isa = PBXBuildFile; fileRef = F282AFE7152E430F00EC987C /* NetworkInfo.m */; };
		F282AFF1152F9C3600EC987C /* NetworkDetailViewController.m in Sources */ = {isa = PBXBuildFile; fileRef = F282AFEF152F9C3600EC987C /* NetworkDetailViewController.m */; };
		F282AFF2152F9C3600EC987C /* NetworkDetailViewController.xib in Resources */ = {isa = PBXBuildFile; fileRef = F282AFF0152F9C3600EC987C /* NetworkDetailViewController.xib */; };
		F2F6C7C61538DAA900DF62B5 /* StuffViewController.m in Sources */ = {isa = PBXBuildFile; fileRef = F2F6C7C41538DAA900DF62B5 /* StuffViewController.m */; };
		F2F6C7C71538DAA900DF62B5 /* StuffViewController.xib in Resources */ = {isa = PBXBuildFile; fileRef = F2F6C7C51538DAA900DF62B5 /* StuffViewController.xib */; };
/* End PBXBuildFile section */

/* Begin PBXFileReference section */
		F2076B47152715610005A2BE /* FindLocation.app */ = {isa = PBXFileReference; explicitFileType = wrapper.application; includeInIndex = 0; path = FindLocation.app; sourceTree = BUILT_PRODUCTS_DIR; };
		F2076B4B152715610005A2BE /* UIKit.framework */ = {isa = PBXFileReference; lastKnownFileType = wrapper.framework; name = UIKit.framework; path = System/Library/Frameworks/UIKit.framework; sourceTree = SDKROOT; };
		F2076B4D152715610005A2BE /* Foundation.framework */ = {isa = PBXFileReference; lastKnownFileType = wrapper.framework; name = Foundation.framework; path = System/Library/Frameworks/Foundation.framework; sourceTree = SDKROOT; };
		F2076B4F152715610005A2BE /* CoreGraphics.framework */ = {isa = PBXFileReference; lastKnownFileType = wrapper.framework; name = CoreGraphics.framework; path = System/Library/Frameworks/CoreGraphics.framework; sourceTree = SDKROOT; };
		F2076B53152715610005A2BE /* FindLocation-Info.plist */ = {isa = PBXFileReference; lastKnownFileType = text.plist.xml; path = "FindLocation-Info.plist"; sourceTree = "<group>"; };
		F2076B55152715610005A2BE /* en */ = {isa = PBXFileReference; lastKnownFileType = text.plist.strings; name = en; path = en.lproj/InfoPlist.strings; sourceTree = "<group>"; };
		F2076B57152715610005A2BE /* main.m */ = {isa = PBXFileReference; lastKnownFileType = sourcecode.c.objc; path = main.m; sourceTree = "<group>"; };
		F2076B59152715610005A2BE /* FindLocation-Prefix.pch */ = {isa = PBXFileReference; lastKnownFileType = sourcecode.c.h; path = "FindLocation-Prefix.pch"; sourceTree = "<group>"; };
		F2076B5A152715610005A2BE /* FindLocationAppDelegate.h */ = {isa = PBXFileReference; lastKnownFileType = sourcecode.c.h; path = FindLocationAppDelegate.h; sourceTree = "<group>"; };
		F2076B5B152715610005A2BE /* FindLocationAppDelegate.m */ = {isa = PBXFileReference; lastKnownFileType = sourcecode.c.objc; path = FindLocationAppDelegate.m; sourceTree = "<group>"; };
		F2076B6E1527158E0005A2BE /* SystemConfiguration.framework */ = {isa = PBXFileReference; lastKnownFileType = wrapper.framework; name = SystemConfiguration.framework; path = System/Library/Frameworks/SystemConfiguration.framework; sourceTree = SDKROOT; };
		F2076B70152715950005A2BE /* CoreLocation.framework */ = {isa = PBXFileReference; lastKnownFileType = wrapper.framework; name = CoreLocation.framework; path = System/Library/Frameworks/CoreLocation.framework; sourceTree = SDKROOT; };
		F2076B72152715AD0005A2BE /* MapKit.framework */ = {isa = PBXFileReference; lastKnownFileType = wrapper.framework; name = MapKit.framework; path = System/Library/Frameworks/MapKit.framework; sourceTree = SDKROOT; };
		F2076B74152716BD0005A2BE /* MapViewController.h */ = {isa = PBXFileReference; fileEncoding = 4; lastKnownFileType = sourcecode.c.h; path = MapViewController.h; sourceTree = "<group>"; };
		F2076B75152716BD0005A2BE /* MapViewController.m */ = {isa = PBXFileReference; fileEncoding = 4; lastKnownFileType = sourcecode.c.objc; path = MapViewController.m; sourceTree = "<group>"; };
		F2076B76152716BD0005A2BE /* MapViewController.xib */ = {isa = PBXFileReference; fileEncoding = 4; lastKnownFileType = file.xib; path = MapViewController.xib; sourceTree = "<group>"; };
		F2076B79152716DE0005A2BE /* ListTableViewController.h */ = {isa = PBXFileReference; fileEncoding = 4; lastKnownFileType = sourcecode.c.h; path = ListTableViewController.h; sourceTree = "<group>"; };
		F2076B7A152716DE0005A2BE /* ListTableViewController.m */ = {isa = PBXFileReference; fileEncoding = 4; lastKnownFileType = sourcecode.c.objc; path = ListTableViewController.m; sourceTree = "<group>"; };
		F2076B7B152716DE0005A2BE /* ListTableViewController.xib */ = {isa = PBXFileReference; fileEncoding = 4; lastKnownFileType = file.xib; path = ListTableViewController.xib; sourceTree = "<group>"; };
		F2076B7E1527173A0005A2BE /* StartingPointViewController.h */ = {isa = PBXFileReference; fileEncoding = 4; lastKnownFileType = sourcecode.c.h; path = StartingPointViewController.h; sourceTree = "<group>"; };
		F2076B7F1527173A0005A2BE /* StartingPointViewController.m */ = {isa = PBXFileReference; fileEncoding = 4; lastKnownFileType = sourcecode.c.objc; path = StartingPointViewController.m; sourceTree = "<group>"; };
		F2076B801527173A0005A2BE /* StartingPointViewController.xib */ = {isa = PBXFileReference; fileEncoding = 4; lastKnownFileType = file.xib; path = StartingPointViewController.xib; sourceTree = "<group>"; };
		F2076B871527534B0005A2BE /* HotSpotAnnotation.h */ = {isa = PBXFileReference; fileEncoding = 4; lastKnownFileType = sourcecode.c.h; path = HotSpotAnnotation.h; sourceTree = "<group>"; };
		F2076B881527534B0005A2BE /* HotSpotAnnotation.m */ = {isa = PBXFileReference; fileEncoding = 4; lastKnownFileType = sourcecode.c.objc; path = HotSpotAnnotation.m; sourceTree = "<group>"; };
		F282AFE6152E430F00EC987C /* NetworkInfo.h */ = {isa = PBXFileReference; fileEncoding = 4; lastKnownFileType = sourcecode.c.h; path = NetworkInfo.h; sourceTree = "<group>"; };
		F282AFE7152E430F00EC987C /* NetworkInfo.m */ = {isa = PBXFileReference; fileEncoding = 4; lastKnownFileType = sourcecode.c.objc; path = NetworkInfo.m; sourceTree = "<group>"; };
		F282AFEE152F9C3600EC987C /* NetworkDetailViewController.h */ = {isa = PBXFileReference; fileEncoding = 4; lastKnownFileType = sourcecode.c.h; path = NetworkDetailViewController.h; sourceTree = "<group>"; };
		F282AFEF152F9C3600EC987C /* NetworkDetailViewController.m */ = {isa = PBXFileReference; fileEncoding = 4; lastKnownFileType = sourcecode.c.objc; path = NetworkDetailViewController.m; sourceTree = "<group>"; };
		F282AFF0152F9C3600EC987C /* NetworkDetailViewController.xib */ = {isa = PBXFileReference; fileEncoding = 4; lastKnownFileType = file.xib; path = NetworkDetailViewController.xib; sourceTree = "<group>"; };
		F2F6C7C31538DAA900DF62B5 /* StuffViewController.h */ = {isa = PBXFileReference; fileEncoding = 4; lastKnownFileType = sourcecode.c.h; path = StuffViewController.h; sourceTree = "<group>"; };
		F2F6C7C41538DAA900DF62B5 /* StuffViewController.m */ = {isa = PBXFileReference; fileEncoding = 4; lastKnownFileType = sourcecode.c.objc; path = StuffViewController.m; sourceTree = "<group>"; };
		F2F6C7C51538DAA900DF62B5 /* StuffViewController.xib */ = {isa = PBXFileReference; fileEncoding = 4; lastKnownFileType = file.xib; path = StuffViewController.xib; sourceTree = "<group>"; };
/* End PBXFileReference section */

/* Begin PBXFrameworksBuildPhase section */
		F2076B44152715610005A2BE /* Frameworks */ = {
			isa = PBXFrameworksBuildPhase;
			buildActionMask = 2147483647;
			files = (
				F2076B73152715AD0005A2BE /* MapKit.framework in Frameworks */,
				F2076B71152715950005A2BE /* CoreLocation.framework in Frameworks */,
				F2076B6F1527158E0005A2BE /* SystemConfiguration.framework in Frameworks */,
				F2076B4C152715610005A2BE /* UIKit.framework in Frameworks */,
				F2076B4E152715610005A2BE /* Foundation.framework in Frameworks */,
				F2076B50152715610005A2BE /* CoreGraphics.framework in Frameworks */,
			);
			runOnlyForDeploymentPostprocessing = 0;
		};
/* End PBXFrameworksBuildPhase section */

/* Begin PBXGroup section */
		F2076B3C152715610005A2BE = {
			isa = PBXGroup;
			children = (
				F2076B51152715610005A2BE /* FindLocation */,
				F2076B4A152715610005A2BE /* Frameworks */,
				F2076B48152715610005A2BE /* Products */,
			);
			sourceTree = "<group>";
		};
		F2076B48152715610005A2BE /* Products */ = {
			isa = PBXGroup;
			children = (
				F2076B47152715610005A2BE /* FindLocation.app */,
			);
			name = Products;
			sourceTree = "<group>";
		};
		F2076B4A152715610005A2BE /* Frameworks */ = {
			isa = PBXGroup;
			children = (
				F2076B72152715AD0005A2BE /* MapKit.framework */,
				F2076B70152715950005A2BE /* CoreLocation.framework */,
				F2076B6E1527158E0005A2BE /* SystemConfiguration.framework */,
				F2076B4B152715610005A2BE /* UIKit.framework */,
				F2076B4D152715610005A2BE /* Foundation.framework */,
				F2076B4F152715610005A2BE /* CoreGraphics.framework */,
			);
			name = Frameworks;
			sourceTree = "<group>";
		};
		F2076B51152715610005A2BE /* FindLocation */ = {
			isa = PBXGroup;
			children = (
				F2076B871527534B0005A2BE /* HotSpotAnnotation.h */,
				F2076B881527534B0005A2BE /* HotSpotAnnotation.m */,
				F2076B7E1527173A0005A2BE /* StartingPointViewController.h */,
				F2076B7F1527173A0005A2BE /* StartingPointViewController.m */,
				F2076B801527173A0005A2BE /* StartingPointViewController.xib */,
				F2076B74152716BD0005A2BE /* MapViewController.h */,
				F2076B75152716BD0005A2BE /* MapViewController.m */,
				F2076B76152716BD0005A2BE /* MapViewController.xib */,
				F2076B79152716DE0005A2BE /* ListTableViewController.h */,
				F2076B7A152716DE0005A2BE /* ListTableViewController.m */,
				F2076B7B152716DE0005A2BE /* ListTableViewController.xib */,
				F2076B5A152715610005A2BE /* FindLocationAppDelegate.h */,
				F2076B5B152715610005A2BE /* FindLocationAppDelegate.m */,
				F282AFE6152E430F00EC987C /* NetworkInfo.h */,
				F282AFE7152E430F00EC987C /* NetworkInfo.m */,
				F282AFEE152F9C3600EC987C /* NetworkDetailViewController.h */,
				F282AFEF152F9C3600EC987C /* NetworkDetailViewController.m */,
				F282AFF0152F9C3600EC987C /* NetworkDetailViewController.xib */,
				F2F6C7C31538DAA900DF62B5 /* StuffViewController.h */,
				F2F6C7C41538DAA900DF62B5 /* StuffViewController.m */,
				F2F6C7C51538DAA900DF62B5 /* StuffViewController.xib */,
				F2076B52152715610005A2BE /* Supporting Files */,
			);
			path = FindLocation;
			sourceTree = "<group>";
		};
		F2076B52152715610005A2BE /* Supporting Files */ = {
			isa = PBXGroup;
			children = (
				F2076B53152715610005A2BE /* FindLocation-Info.plist */,
				F2076B54152715610005A2BE /* InfoPlist.strings */,
				F2076B57152715610005A2BE /* main.m */,
				F2076B59152715610005A2BE /* FindLocation-Prefix.pch */,
			);
			name = "Supporting Files";
			sourceTree = "<group>";
		};
/* End PBXGroup section */

/* Begin PBXNativeTarget section */
		F2076B46152715610005A2BE /* FindLocation */ = {
			isa = PBXNativeTarget;
			buildConfigurationList = F2076B6B152715610005A2BE /* Build configuration list for PBXNativeTarget "FindLocation" */;
			buildPhases = (
				F2076B43152715610005A2BE /* Sources */,
				F2076B44152715610005A2BE /* Frameworks */,
				F2076B45152715610005A2BE /* Resources */,
			);
			buildRules = (
			);
			dependencies = (
			);
			name = FindLocation;
			productName = FindLocation;
			productReference = F2076B47152715610005A2BE /* FindLocation.app */;
			productType = "com.apple.product-type.application";
		};
/* End PBXNativeTarget section */

/* Begin PBXProject section */
		F2076B3E152715610005A2BE /* Project object */ = {
			isa = PBXProject;
			attributes = {
				LastUpgradeCheck = 0420;
				ORGANIZATIONNAME = bsuir;
			};
			buildConfigurationList = F2076B41152715610005A2BE /* Build configuration list for PBXProject "FindLocation" */;
			compatibilityVersion = "Xcode 3.2";
			developmentRegion = English;
			hasScannedForEncodings = 0;
			knownRegions = (
				en,
			);
			mainGroup = F2076B3C152715610005A2BE;
			productRefGroup = F2076B48152715610005A2BE /* Products */;
			projectDirPath = "";
			projectRoot = "";
			targets = (
				F2076B46152715610005A2BE /* FindLocation */,
			);
		};
/* End PBXProject section */

/* Begin PBXResourcesBuildPhase section */
		F2076B45152715610005A2BE /* Resources */ = {
			isa = PBXResourcesBuildPhase;
			buildActionMask = 2147483647;
			files = (
				F2076B56152715610005A2BE /* InfoPlist.strings in Resources */,
				F2076B78152716BD0005A2BE /* MapViewController.xib in Resources */,
				F2076B7D152716DE0005A2BE /* ListTableViewController.xib in Resources */,
				F2076B821527173A0005A2BE /* StartingPointViewController.xib in Resources */,
				F282AFF2152F9C3600EC987C /* NetworkDetailViewController.xib in Resources */,
				F2F6C7C71538DAA900DF62B5 /* StuffViewController.xib in Resources */,
			);
			runOnlyForDeploymentPostprocessing = 0;
		};
/* End PBXResourcesBuildPhase section */

/* Begin PBXSourcesBuildPhase section */
		F2076B43152715610005A2BE /* Sources */ = {
			isa = PBXSourcesBuildPhase;
			buildActionMask = 2147483647;
			files = (
				F2076B58152715610005A2BE /* main.m in Sources */,
				F2076B5C152715610005A2BE /* FindLocationAppDelegate.m in Sources */,
				F2076B77152716BD0005A2BE /* MapViewController.m in Sources */,
				F2076B7C152716DE0005A2BE /* ListTableViewController.m in Sources */,
				F2076B811527173A0005A2BE /* StartingPointViewController.m in Sources */,
				F2076B891527534B0005A2BE /* HotSpotAnnotation.m in Sources */,
				F282AFE8152E430F00EC987C /* NetworkInfo.m in Sources */,
				F282AFF1152F9C3600EC987C /* NetworkDetailViewController.m in Sources */,
				F2F6C7C61538DAA900DF62B5 /* StuffViewController.m in Sources */,
			);
			runOnlyForDeploymentPostprocessing = 0;
		};
/* End PBXSourcesBuildPhase section */

/* Begin PBXVariantGroup section */
		F2076B54152715610005A2BE /* InfoPlist.strings */ = {
			isa = PBXVariantGroup;
			children = (
				F2076B55152715610005A2BE /* en */,
			);
			name = InfoPlist.strings;
			sourceTree = "<group>";
		};
/* End PBXVariantGroup section */

/* Begin XCBuildConfiguration section */
		F2076B69152715610005A2BE /* Debug */ = {
			isa = XCBuildConfiguration;
			buildSettings = {
				ALWAYS_SEARCH_USER_PATHS = NO;
				ARCHS = "$(ARCHS_STANDARD_32_BIT)";
				CLANG_ENABLE_OBJC_ARC = YES;
				"CODE_SIGN_IDENTITY[sdk=iphoneos*]" = "iPhone Developer";
				COPY_PHASE_STRIP = NO;
				GCC_C_LANGUAGE_STANDARD = gnu99;
				GCC_DYNAMIC_NO_PIC = NO;
				GCC_OPTIMIZATION_LEVEL = 0;
				GCC_PREPROCESSOR_DEFINITIONS = (
					"DEBUG=1",
					"$(inherited)",
				);
				GCC_SYMBOLS_PRIVATE_EXTERN = NO;
				GCC_VERSION = com.apple.compilers.llvm.clang.1_0;
				GCC_WARN_ABOUT_MISSING_PROTOTYPES = YES;
				GCC_WARN_ABOUT_RETURN_TYPE = YES;
				GCC_WARN_UNUSED_VARIABLE = YES;
				IPHONEOS_DEPLOYMENT_TARGET = 4.2;
				SDKROOT = iphoneos;
			};
			name = Debug;
		};
		F2076B6A152715610005A2BE /* Release */ = {
			isa = XCBuildConfiguration;
			buildSettings = {
				ALWAYS_SEARCH_USER_PATHS = NO;
				ARCHS = "$(ARCHS_STANDARD_32_BIT)";
				CLANG_ENABLE_OBJC_ARC = YES;
				"CODE_SIGN_IDENTITY[sdk=iphoneos*]" = "iPhone Developer";
				COPY_PHASE_STRIP = YES;
				GCC_C_LANGUAGE_STANDARD = gnu99;
				GCC_VERSION = com.apple.compilers.llvm.clang.1_0;
				GCC_WARN_ABOUT_MISSING_PROTOTYPES = YES;
				GCC_WARN_ABOUT_RETURN_TYPE = YES;
				GCC_WARN_UNUSED_VARIABLE = YES;
				IPHONEOS_DEPLOYMENT_TARGET = 4.2;
				OTHER_CFLAGS = "-DNS_BLOCK_ASSERTIONS=1";
				SDKROOT = iphoneos;
				VALIDATE_PRODUCT = YES;
			};
			name = Release;
		};
		F2076B6C152715610005A2BE /* Debug */ = {
			isa = XCBuildConfiguration;
			buildSettings = {
				GCC_PRECOMPILE_PREFIX_HEADER = YES;
				GCC_PREFIX_HEADER = "FindLocation/FindLocation-Prefix.pch";
				INFOPLIST_FILE = "FindLocation/FindLocation-Info.plist";
				IPHONEOS_DEPLOYMENT_TARGET = 4.2;
				PRODUCT_NAME = "$(TARGET_NAME)";
				WRAPPER_EXTENSION = app;
			};
			name = Debug;
		};
		F2076B6D152715610005A2BE /* Release */ = {
			isa = XCBuildConfiguration;
			buildSettings = {
				GCC_PRECOMPILE_PREFIX_HEADER = YES;
				GCC_PREFIX_HEADER = "FindLocation/FindLocation-Prefix.pch";
				INFOPLIST_FILE = "FindLocation/FindLocation-Info.plist";
				IPHONEOS_DEPLOYMENT_TARGET = 4.2;
				PRODUCT_NAME = "$(TARGET_NAME)";
				WRAPPER_EXTENSION = app;
			};
			name = Release;
		};
/* End XCBuildConfiguration section */

/* Begin XCConfigurationList section */
		F2076B41152715610005A2BE /* Build configuration list for PBXProject "FindLocation" */ = {
			isa = XCConfigurationList;
			buildConfigurations = (
				F2076B69152715610005A2BE /* Debug */,
				F2076B6A152715610005A2BE /* Release */,
			);
			defaultConfigurationIsVisible = 0;
			defaultConfigurationName = Release;
		};
		F2076B6B152715610005A2BE /* Build configuration list for PBXNativeTarget "FindLocation" */ = {
			isa = XCConfigurationList;
			buildConfigurations = (
				F2076B6C152715610005A2BE /* Debug */,
				F2076B6D152715610005A2BE /* Release */,
			);
			defaultConfigurationIsVisible = 0;
			defaultConfigurationName = Release;
		};
/* End XCConfigurationList section */
	};
	rootObject = F2076B3E152715610005A2BE /* Project object */;
}
